{
    "_meta": {
        "hash": {
            "sha256": "073242d8cc9ed8e99ea35760b67ef0228743f63207f2611b20fb0f0b8ec23350"
        },
        "pipfile-spec": 6,
        "requires": {
            "python_version": "3.6"
        },
        "sources": [
            {
                "name": "pypi",
                "url": "https://pypi.org/simple",
                "verify_ssl": true
            }
        ]
    },
    "default": {
        "mock": {
            "hashes": [
                "sha256:5ce3c71c5545b472da17b72268978914d0252980348636840bd34a00b5cc96c1",
                "sha256:b158b6df76edd239b8208d481dc46b6afd45a846b7812ff0ce58971cf5bc8bba"
            ],
            "index": "pypi",
            "version": "==2.0.0"
        },
        "pbr": {
            "hashes": [
                "sha256:2c8e420cd4ed4cec4e7999ee47409e876af575d4c35a45840d59e8b5f3155ab8",
                "sha256:b32c8ccaac7b1a20c0ce00ce317642e6cf231cf038f9875e0280e28af5bf7ac9"
            ],
            "version": "==5.4.3"
        },
        "six": {
            "hashes": [
                "sha256:70e8a77beed4562e7f14fe23a786b54f6296e34344c23bc42f07b15018ff98e9",
                "sha256:832dc0e10feb1aa2c68dcc57dbb658f1c7e65b9b61af69048abc87a2db00a0eb"
            ],
            "index": "pypi",
            "version": "==1.11.0"
        }
    },
    "develop": {
        "alabaster": {
            "hashes": [
                "sha256:446438bdcca0e05bd45ea2de1668c1d9b032e1a9154c2c259092d77031ddd359",
                "sha256:a661d72d58e6ea8a57f7a86e37d86716863ee5e92788398526d58b26a4e4dc02"
            ],
            "version": "==0.7.12"
        },
        "babel": {
            "hashes": [
                "sha256:af92e6106cb7c55286b25b38ad7695f8b4efb36a90ba483d7f7a6628c46158ab",
                "sha256:e86135ae101e31e2c8ec20a4e0c5220f4eed12487d5cf3f78be7e98d3a57fc28"
            ],
            "version": "==2.7.0"
        },
        "backcall": {
            "hashes": [
                "sha256:38ecd85be2c1e78f77fd91700c76e14667dc21e2713b63876c0eb901196e01e4",
                "sha256:bbbf4b1e5cd2bdb08f915895b51081c041bac22394fdfcfdfbe9f14b77c08bf2"
            ],
            "version": "==0.1.0"
        },
        "bleach": {
            "hashes": [
                "sha256:213336e49e102af26d9cde77dd2d0397afabc5a6bf2fed985dc35b5d1e285a16",
                "sha256:3fdf7f77adcf649c9911387df51254b813185e32b2c6619f690b593a617e19fa"
            ],
            "version": "==3.1.0"
        },
        "certifi": {
            "hashes": [
                "sha256:e4f3620cfea4f83eedc95b24abd9cd56f3c4b146dd0177e83a21b4eb49e21e50",
                "sha256:fd7c7c74727ddcf00e9acd26bba8da604ffec95bf1c2144e67aff7a8b50e6cef"
            ],
            "version": "==2019.9.11"
        },
        "chardet": {
            "hashes": [
                "sha256:84ab92ed1c4d4f16916e05906b6b75a6c0fb5db821cc65e70cbd64a3e2a5eaae",
                "sha256:fc323ffcaeaed0e0a02bf4d117757b98aed530d9ed4531e3e15460124c106691"
            ],
            "version": "==3.0.4"
        },
        "colorama": {
            "hashes": [
                "sha256:05eed71e2e327246ad6b38c540c4a3117230b19679b875190486ddd2d721422d",
                "sha256:f8ac84de7840f5b9c4e3347b3c1eaa50f7e49c2b07596221daec5edaabbd7c48"
            ],
            "version": "==0.4.1"
        },
        "decorator": {
            "hashes": [
                "sha256:86156361c50488b84a3f148056ea716ca587df2f0de1d34750d35c21312725de",
                "sha256:f069f3a01830ca754ba5258fde2278454a0b5b79e0d7f5c13b3b97e57d4acff6"
            ],
            "version": "==4.4.0"
        },
        "docutils": {
            "hashes": [
                "sha256:6c4f696463b79f1fb8ba0c594b63840ebd41f059e92b31957c46b74a4599b6d0",
                "sha256:9e4d7ecfc600058e07ba661411a2b7de2fd0fafa17d1a7f7361cd47b1175c827",
                "sha256:a2aeea129088da402665e92e0b25b04b073c04b2dce4ab65caaa38b7ce2e1a99"
            ],
            "version": "==0.15.2"
        },
        "filelock": {
            "hashes": [
                "sha256:18d82244ee114f543149c66a6e0c14e9c4f8a1044b5cdaadd0f82159d6a6ff59",
                "sha256:929b7d63ec5b7d6b71b0fa5ac14e030b3f70b75747cef1b10da9b879fef15836"
            ],
            "version": "==3.0.12"
        },
        "idna": {
            "hashes": [
                "sha256:c357b3f628cf53ae2c4c05627ecc484553142ca23264e593d327bcde5e9c3407",
                "sha256:ea8b7f6188e6fa117537c3df7da9fc686d485087abf6ac197f9c46432f7e4a3c"
            ],
            "version": "==2.8"
        },
        "imagesize": {
            "hashes": [
                "sha256:3f349de3eb99145973fefb7dbe38554414e5c30abd0c8e4b970a7c9d09f3a1d8",
                "sha256:f3832918bc3c66617f92e35f5d70729187676313caa60c187eb0f28b8fe5e3b5"
            ],
            "version": "==1.1.0"
        },
        "importlib-metadata": {
            "hashes": [
                "sha256:aa18d7378b00b40847790e7c27e11673d7fed219354109d0e7b9e5b25dc3ad26",
                "sha256:d5f18a79777f3aa179c145737780282e27b508fc8fd688cb17c7a813e8bd39af"
            ],
            "markers": "python_version < '3.8'",
            "version": "==0.23"
        },
        "ipdb": {
            "hashes": [
                "sha256:7081c65ed7bfe7737f83fa4213ca8afd9617b42ff6b3f1daf9a3419839a2a00a"
            ],
            "index": "pypi",
            "version": "==0.11"
        },
        "ipython": {
            "hashes": [
                "sha256:c4ab005921641e40a68e405e286e7a1fcc464497e14d81b6914b4fd95e5dee9b",
                "sha256:dd76831f065f17bddd7eaa5c781f5ea32de5ef217592cf019e34043b56895aa1"
            ],
            "version": "==7.8.0"
        },
        "ipython-genutils": {
            "hashes": [
                "sha256:72dd37233799e619666c9f639a9da83c34013a73e8bbc79a7a6348d93c61fab8",
                "sha256:eb2e116e75ecef9d4d228fdc66af54269afa26ab4463042e33785b887c628ba8"
            ],
            "version": "==0.2.0"
        },
        "jedi": {
            "hashes": [
                "sha256:786b6c3d80e2f06fd77162a07fed81b8baa22dde5d62896a790a331d6ac21a27",
                "sha256:ba859c74fa3c966a22f2aeebe1b74ee27e2a462f56d3f5f7ca4a59af61bfe42e"
            ],
            "version": "==0.15.1"
        },
        "jinja2": {
            "hashes": [
                "sha256:065c4f02ebe7f7cf559e49ee5a95fb800a9e4528727aec6f24402a5374c65013",
                "sha256:14dd6caf1527abb21f08f86c784eac40853ba93edb79552aa1e4b8aef1b61c7b"
            ],
            "version": "==2.10.1"
        },
        "markupsafe": {
            "hashes": [
                "sha256:00bc623926325b26bb9605ae9eae8a215691f33cae5df11ca5424f06f2d1f473",
                "sha256:09027a7803a62ca78792ad89403b1b7a73a01c8cb65909cd876f7fcebd79b161",
                "sha256:09c4b7f37d6c648cb13f9230d847adf22f8171b1ccc4d5682398e77f40309235",
                "sha256:1027c282dad077d0bae18be6794e6b6b8c91d58ed8a8d89a89d59693b9131db5",
                "sha256:24982cc2533820871eba85ba648cd53d8623687ff11cbb805be4ff7b4c971aff",
                "sha256:29872e92839765e546828bb7754a68c418d927cd064fd4708fab9fe9c8bb116b",
                "sha256:43a55c2930bbc139570ac2452adf3d70cdbb3cfe5912c71cdce1c2c6bbd9c5d1",
                "sha256:46c99d2de99945ec5cb54f23c8cd5689f6d7177305ebff350a58ce5f8de1669e",
                "sha256:500d4957e52ddc3351cabf489e79c91c17f6e0899158447047588650b5e69183",
                "sha256:535f6fc4d397c1563d08b88e485c3496cf5784e927af890fb3c3aac7f933ec66",
                "sha256:62fe6c95e3ec8a7fad637b7f3d372c15ec1caa01ab47926cfdf7a75b40e0eac1",
                "sha256:6dd73240d2af64df90aa7c4e7481e23825ea70af4b4922f8ede5b9e35f78a3b1",
                "sha256:717ba8fe3ae9cc0006d7c451f0bb265ee07739daf76355d06366154ee68d221e",
                "sha256:79855e1c5b8da654cf486b830bd42c06e8780cea587384cf6545b7d9ac013a0b",
                "sha256:7c1699dfe0cf8ff607dbdcc1e9b9af1755371f92a68f706051cc8c37d447c905",
                "sha256:88e5fcfb52ee7b911e8bb6d6aa2fd21fbecc674eadd44118a9cc3863f938e735",
                "sha256:8defac2f2ccd6805ebf65f5eeb132adcf2ab57aa11fdf4c0dd5169a004710e7d",
                "sha256:98c7086708b163d425c67c7a91bad6e466bb99d797aa64f965e9d25c12111a5e",
                "sha256:9add70b36c5666a2ed02b43b335fe19002ee5235efd4b8a89bfcf9005bebac0d",
                "sha256:9bf40443012702a1d2070043cb6291650a0841ece432556f784f004937f0f32c",
                "sha256:ade5e387d2ad0d7ebf59146cc00c8044acbd863725f887353a10df825fc8ae21",
                "sha256:b00c1de48212e4cc9603895652c5c410df699856a2853135b3967591e4beebc2",
                "sha256:b1282f8c00509d99fef04d8ba936b156d419be841854fe901d8ae224c59f0be5",
                "sha256:b2051432115498d3562c084a49bba65d97cf251f5a331c64a12ee7e04dacc51b",
                "sha256:ba59edeaa2fc6114428f1637ffff42da1e311e29382d81b339c1817d37ec93c6",
                "sha256:c8716a48d94b06bb3b2524c2b77e055fb313aeb4ea620c8dd03a105574ba704f",
                "sha256:cd5df75523866410809ca100dc9681e301e3c27567cf498077e8551b6d20e42f",
                "sha256:e249096428b3ae81b08327a63a485ad0878de3fb939049038579ac0ef61e17e7"
            ],
            "version": "==1.1.1"
        },
        "more-itertools": {
            "hashes": [
                "sha256:409cd48d4db7052af495b09dec721011634af3753ae1ef92d2b32f73a745f832",
                "sha256:92b8c4b06dac4f0611c0729b2f2ede52b2e1bac1ab48f089c7ddc12e26bb60c4"
            ],
            "version": "==7.2.0"
        },
        "packaging": {
            "hashes": [
                "sha256:28b924174df7a2fa32c1953825ff29c61e2f5e082343165438812f00d3a7fc47",
                "sha256:d9551545c6d761f3def1677baf08ab2a3ca17c56879e70fecba2fc4dde4ed108"
            ],
            "version": "==19.2"
        },
        "parso": {
            "hashes": [
                "sha256:63854233e1fadb5da97f2744b6b24346d2750b85965e7e399bec1620232797dc",
                "sha256:666b0ee4a7a1220f65d367617f2cd3ffddff3e205f3f16a0284df30e774c2a9c"
            ],
            "version": "==0.5.1"
        },
        "pexpect": {
            "hashes": [
                "sha256:2094eefdfcf37a1fdbfb9aa090862c1a4878e5c7e0e7e7088bdb511c558e5cd1",
                "sha256:9e2c1fd0e6ee3a49b28f95d4b33bc389c89b20af6a1255906e90ff1262ce62eb"
            ],
            "markers": "sys_platform != 'win32'",
            "version": "==4.7.0"
        },
        "pickleshare": {
            "hashes": [
                "sha256:87683d47965c1da65cdacaf31c8441d12b8044cdec9aca500cd78fc2c683afca",
                "sha256:9649af414d74d4df115d5d718f82acb59c9d418196b7b4290ed47a12ce62df56"
            ],
            "version": "==0.7.5"
        },
        "pkginfo": {
            "hashes": [
                "sha256:7424f2c8511c186cd5424bbf31045b77435b37a8d604990b79d4e70d741148bb",
                "sha256:a6d9e40ca61ad3ebd0b72fbadd4fba16e4c0e4df0428c041e01e06eb6ee71f32"
            ],
            "version": "==1.5.0.1"
        },
        "pluggy": {
            "hashes": [
                "sha256:0db4b7601aae1d35b4a033282da476845aa19185c1e6964b25cf324b5e4ec3e6",
                "sha256:fa5fa1622fa6dd5c030e9cad086fa19ef6a0cf6d7a2d12318e10cb49d6d68f34"
            ],
            "version": "==0.13.0"
        },
        "prompt-toolkit": {
            "hashes": [
                "sha256:11adf3389a996a6d45cc277580d0d53e8a5afd281d0c9ec71b28e6f121463780",
                "sha256:2519ad1d8038fd5fc8e770362237ad0364d16a7650fb5724af6997ed5515e3c1",
                "sha256:977c6583ae813a37dc1c2e1b715892461fcbdaa57f6fc62f33a528c4886c8f55"
            ],
            "version": "==2.0.9"
        },
        "ptyprocess": {
            "hashes": [
                "sha256:923f299cc5ad920c68f2bc0bc98b75b9f838b93b599941a6b63ddbc2476394c0",
                "sha256:d7cc528d76e76342423ca640335bd3633420dc1366f258cb31d05e865ef5ca1f"
            ],
            "version": "==0.6.0"
        },
        "py": {
            "hashes": [
                "sha256:64f65755aee5b381cea27766a3a147c3f15b9b6b9ac88676de66ba2ae36793fa",
                "sha256:dc639b046a6e2cff5bbe40194ad65936d6ba360b52b3c3fe1d08a82dd50b5e53"
            ],
            "version": "==1.8.0"
        },
        "pygments": {
            "hashes": [
                "sha256:71e430bc85c88a430f000ac1d9b331d2407f681d6f6aec95e8bcfbc3df5b0127",
                "sha256:881c4c157e45f30af185c1ffe8d549d48ac9127433f2c380c24b84572ad66297"
            ],
            "version": "==2.4.2"
        },
        "pyparsing": {
            "hashes": [
                "sha256:6f98a7b9397e206d78cc01df10131398f1c8b8510a2f4d97d9abd82e1aacdd80",
                "sha256:d9338df12903bbf5d65a0e4e87c2161968b10d2e489652bb47001d82a9b028b4"
            ],
            "version": "==2.4.2"
        },
        "pytz": {
            "hashes": [
                "sha256:26c0b32e437e54a18161324a2fca3c4b9846b74a8dccddd843113109e1116b32",
                "sha256:c894d57500a4cd2d5c71114aaab77dbab5eabd9022308ce5ac9bb93a60a6f0c7"
            ],
            "version": "==2019.2"
        },
        "readme-renderer": {
            "hashes": [
                "sha256:bb16f55b259f27f75f640acf5e00cf897845a8b3e4731b5c1a436e4b8529202f",
                "sha256:c8532b79afc0375a85f10433eca157d6b50f7d6990f337fa498c96cd4bfc203d"
            ],
            "version": "==24.0"
        },
        "rednose": {
            "hashes": [
                "sha256:6da77917788be277b70259edc0bb92fc6f28fe268b765b4ea88206cc3543a3e1"
            ],
            "index": "pypi",
            "version": "==1.3.0"
        },
        "requests": {
            "hashes": [
                "sha256:11e007a8a2aa0323f5a921e9e6a2d7e4e67d9877e85773fba9ba6419025cbeb4",
                "sha256:9cf5292fcd0f598c671cfc1e0d7d1a7f13bb8085e9a590f48c010551dc6c4b31"
            ],
            "version": "==2.22.0"
        },
        "requests-toolbelt": {
            "hashes": [
                "sha256:380606e1d10dc85c3bd47bf5a6095f815ec007be7a8b69c878507068df059e6f",
                "sha256:968089d4584ad4ad7c171454f0a5c6dac23971e9472521ea3b6d49d610aa6fc0"
            ],
            "version": "==0.9.1"
        },
        "six": {
            "hashes": [
                "sha256:70e8a77beed4562e7f14fe23a786b54f6296e34344c23bc42f07b15018ff98e9",
                "sha256:832dc0e10feb1aa2c68dcc57dbb658f1c7e65b9b61af69048abc87a2db00a0eb"
            ],
            "index": "pypi",
            "version": "==1.11.0"
        },
        "snowballstemmer": {
            "hashes": [
                "sha256:713e53b79cbcf97bc5245a06080a33d54a77e7cce2f789c835a143bcdb5c033e"
            ],
            "version": "==1.9.1"
        },
        "sphinx": {
            "hashes": [
                "sha256:652eb8c566f18823a022bb4b6dbc868d366df332a11a0226b5bc3a798a479f17",
                "sha256:d222626d8356de702431e813a05c68a35967e3d66c6cd1c2c89539bb179a7464"
            ],
            "index": "pypi",
            "version": "==1.8.1"
        },
        "sphinx-rtd-theme": {
            "hashes": [
                "sha256:02f02a676d6baabb758a20c7a479d58648e0f64f13e07d1b388e9bb2afe86a09",
                "sha256:d0f6bc70f98961145c5b0e26a992829363a197321ba571b31b24ea91879e0c96"
            ],
            "index": "pypi",
            "version": "==0.4.2"
        },
        "sphinxcontrib-websupport": {
            "hashes": [
                "sha256:1501befb0fdf1d1c29a800fdbf4ef5dc5369377300ddbdd16d2cd40e54c6eefc",
                "sha256:e02f717baf02d0b6c3dd62cf81232ffca4c9d5c331e03766982e3ff9f1d2bc3f"
            ],
            "version": "==1.1.2"
        },
        "termstyle": {
            "hashes": [
                "sha256:ef74b83698ea014112040cf32b1a093c1ab3d91c4dd18ecc03ec178fd99c9f9f"
            ],
            "version": "==0.1.11"
        },
        "toml": {
            "hashes": [
                "sha256:229f81c57791a41d65e399fc06bf0848bab550a9dfd5ed66df18ce5f05e73d5c",
                "sha256:235682dd292d5899d361a811df37e04a8828a5b1da3115886b73cf81ebc9100e"
            ],
            "version": "==0.10.0"
        },
        "tox": {
            "hashes": [
                "sha256:513e32fdf2f9e2d583c2f248f47ba9886428c949f068ac54a0469cac55df5862",
                "sha256:75fa30e8329b41b664585f5fb837e23ce1d7e6fa1f7811f2be571c990f9d911b"
            ],
            "index": "pypi",
            "version": "==3.5.3"
        },
        "tqdm": {
            "hashes": [
                "sha256:abc25d0ce2397d070ef07d8c7e706aede7920da163c64997585d42d3537ece3d",
                "sha256:dd3fcca8488bb1d416aa7469d2f277902f26260c45aa86b667b074cd44b3b115"
            ],
            "version": "==4.36.1"
        },
        "traitlets": {
            "hashes": [
                "sha256:9c4bd2d267b7153df9152698efb1050a5d84982d3384a37b2c1f7723ba3e7835",
                "sha256:c6cb5e6f57c5a9bdaa40fa71ce7b4af30298fbab9ece9815b5d995ab6217c7d9"
            ],
            "version": "==4.3.2"
        },
        "twine": {
            "hashes": [
                "sha256:7d89bc6acafb31d124e6e5b295ef26ac77030bf098960c2a4c4e058335827c5c",
                "sha256:fad6f1251195f7ddd1460cb76d6ea106c93adb4e56c41e0da79658e56e547d2c"
            ],
            "index": "pypi",
            "version": "==1.12.1"
        },
        "urllib3": {
            "hashes": [
                "sha256:4c291ca23bbb55c76518905869ef34bdd5f0e46af7afe6861e8375643ffee1a0",
                "sha256:9a247273df709c4fedb38c711e44292304f73f39ab01beda9f6b9fc375669ac3"
            ],
            "index": "pypi",
            "version": "==1.24.2"
        },
        "virtualenv": {
            "hashes": [
                "sha256:680af46846662bb38c5504b78bad9ed9e4f3ba2d54f54ba42494fdf94337fe30",
                "sha256:f78d81b62d3147396ac33fc9d77579ddc42cc2a98dd9ea38886f616b33bc7fb2"
            ],
            "version": "==16.7.5"
        },
        "wcwidth": {
            "hashes": [
                "sha256:3df37372226d6e63e1b1e1eda15c594bca98a22d33a23832a90998faa96bc65e",
                "sha256:f4ebe71925af7b40a864553f761ed559b43544f8f71746c2d756c7fe788ade7c"
            ],
            "version": "==0.1.7"
        },
        "webencodings": {
            "hashes": [
                "sha256:a0af1213f3c2226497a97e2b3aa01a7e4bee4f403f95be16fc9acd2947514a78",
                "sha256:b36a1c245f2d304965eb4e0a82848379241dc04b865afcc4aab16748587e1923"
            ],
            "version": "==0.5.1"
        },
        "zipp": {
            "hashes": [
                "sha256:3718b1cbcd963c7d4c5511a8240812904164b7f381b647143a89d3b98f9bcd8e",
                "sha256:f06903e9f1f43b12d371004b4ac7b06ab39a44adc747266928ae6debfa7b3335"
            ],
            "version": "==0.6.0"
        }
    }
}
