{
    "_meta": {
        "hash": {
            "sha256": "073242d8cc9ed8e99ea35760b67ef0228743f63207f2611b20fb0f0b8ec23350"
        },
        "pipfile-spec": 6,
        "requires": {
            "python_version": "3.6"
        },
        "sources": [
            {
                "name": "pypi",
                "url": "https://pypi.org/simple",
                "verify_ssl": true
            }
        ]
    },
    "default": {
        "mock": {
            "hashes": [
                "sha256:5ce3c71c5545b472da17b72268978914d0252980348636840bd34a00b5cc96c1",
                "sha256:b158b6df76edd239b8208d481dc46b6afd45a846b7812ff0ce58971cf5bc8bba"
            ],
            "index": "pypi",
            "version": "==2.0.0"
        },
        "pbr": {
            "hashes": [
                "sha256:8fc938b1123902f5610b06756a31b1e6febf0d105ae393695b0c9d4244ed2910",
                "sha256:f20ec0abbf132471b68963bb34d9c78e603a5cf9e24473f14358e66551d47475"
            ],
            "version": "==5.1.0"
        },
        "six": {
            "hashes": [
                "sha256:70e8a77beed4562e7f14fe23a786b54f6296e34344c23bc42f07b15018ff98e9",
                "sha256:832dc0e10feb1aa2c68dcc57dbb658f1c7e65b9b61af69048abc87a2db00a0eb"
            ],
            "index": "pypi",
            "version": "==1.11.0"
        }
    },
    "develop": {
        "alabaster": {
            "hashes": [
                "sha256:446438bdcca0e05bd45ea2de1668c1d9b032e1a9154c2c259092d77031ddd359",
                "sha256:a661d72d58e6ea8a57f7a86e37d86716863ee5e92788398526d58b26a4e4dc02"
            ],
            "version": "==0.7.12"
        },
        "appnope": {
            "hashes": [
                "sha256:5b26757dc6f79a3b7dc9fab95359328d5747fcb2409d331ea66d0272b90ab2a0",
                "sha256:8b995ffe925347a2138d7ac0fe77155e4311a0ea6d6da4f5128fe4b3cbe5ed71"
            ],
            "markers": "sys_platform == 'darwin'",
            "version": "==0.1.0"
        },
        "babel": {
            "hashes": [
                "sha256:6778d85147d5d85345c14a26aada5e478ab04e39b078b0745ee6870c2b5cf669",
                "sha256:8cba50f48c529ca3fa18cf81fa9403be176d374ac4d60738b839122dfaaa3d23"
            ],
            "version": "==2.6.0"
        },
        "backcall": {
            "hashes": [
                "sha256:38ecd85be2c1e78f77fd91700c76e14667dc21e2713b63876c0eb901196e01e4",
                "sha256:bbbf4b1e5cd2bdb08f915895b51081c041bac22394fdfcfdfbe9f14b77c08bf2"
            ],
            "version": "==0.1.0"
        },
        "bleach": {
            "hashes": [
                "sha256:48d39675b80a75f6d1c3bdbffec791cf0bbbab665cf01e20da701c77de278718",
                "sha256:73d26f018af5d5adcdabf5c1c974add4361a9c76af215fe32fdec8a6fc5fb9b9"
            ],
            "version": "==3.0.2"
        },
        "certifi": {
            "hashes": [
                "sha256:339dc09518b07e2fa7eda5450740925974815557727d6bd35d319c1524a04a4c",
                "sha256:6d58c986d22b038c8c0df30d639f23a3e6d172a05c3583e766f4c0b785c0986a"
            ],
            "version": "==2018.10.15"
        },
        "chardet": {
            "hashes": [
                "sha256:84ab92ed1c4d4f16916e05906b6b75a6c0fb5db821cc65e70cbd64a3e2a5eaae",
                "sha256:fc323ffcaeaed0e0a02bf4d117757b98aed530d9ed4531e3e15460124c106691"
            ],
            "version": "==3.0.4"
        },
        "colorama": {
            "hashes": [
                "sha256:a3d89af5db9e9806a779a50296b5fdb466e281147c2c235e8225ecc6dbf7bbf3",
                "sha256:c9b54bebe91a6a803e0772c8561d53f2926bfeb17cd141fbabcb08424086595c"
            ],
            "version": "==0.4.0"
        },
        "decorator": {
            "hashes": [
                "sha256:2c51dff8ef3c447388fe5e4453d24a2bf128d3a4c32af3fabef1f01c6851ab82",
                "sha256:c39efa13fbdeb4506c476c9b3babf6a718da943dab7811c206005a4a956c080c"
            ],
            "version": "==4.3.0"
        },
        "docutils": {
            "hashes": [
                "sha256:02aec4bd92ab067f6ff27a38a38a41173bf01bed8f89157768c1573f53e474a6",
                "sha256:51e64ef2ebfb29cae1faa133b3710143496eca21c530f3f71424d77687764274",
                "sha256:7a4bd47eaf6596e1295ecb11361139febe29b084a87bf005bf899f9a42edc3c6"
            ],
            "version": "==0.14"
        },
        "filelock": {
            "hashes": [
                "sha256:b8d5ca5ca1c815e1574aee746650ea7301de63d87935b3463d26368b76e31633",
                "sha256:d610c1bb404daf85976d7a82eb2ada120f04671007266b708606565dd03b5be6"
            ],
            "version": "==3.0.10"
        },
        "idna": {
            "hashes": [
                "sha256:156a6814fb5ac1fc6850fb002e0852d56c0c8d2531923a51032d1b70760e186e",
                "sha256:684a38a6f903c1d71d6d5fac066b58d7768af4de2b832e426ec79c30daa94a16"
            ],
            "version": "==2.7"
        },
        "imagesize": {
            "hashes": [
                "sha256:3f349de3eb99145973fefb7dbe38554414e5c30abd0c8e4b970a7c9d09f3a1d8",
                "sha256:f3832918bc3c66617f92e35f5d70729187676313caa60c187eb0f28b8fe5e3b5"
            ],
            "version": "==1.1.0"
        },
        "ipdb": {
            "hashes": [
                "sha256:7081c65ed7bfe7737f83fa4213ca8afd9617b42ff6b3f1daf9a3419839a2a00a"
            ],
            "index": "pypi",
            "version": "==0.11"
        },
        "ipython": {
            "hashes": [
                "sha256:a5781d6934a3341a1f9acb4ea5acdc7ea0a0855e689dbe755d070ca51e995435",
                "sha256:b10a7ddd03657c761fc503495bc36471c8158e3fc948573fb9fe82a7029d8efd"
            ],
            "version": "==7.1.1"
        },
        "ipython-genutils": {
            "hashes": [
                "sha256:72dd37233799e619666c9f639a9da83c34013a73e8bbc79a7a6348d93c61fab8",
                "sha256:eb2e116e75ecef9d4d228fdc66af54269afa26ab4463042e33785b887c628ba8"
            ],
            "version": "==0.2.0"
        },
        "jedi": {
            "hashes": [
                "sha256:0191c447165f798e6a730285f2eee783fff81b0d3df261945ecb80983b5c3ca7",
                "sha256:b7493f73a2febe0dc33d51c99b474547f7f6c0b2c8fb2b21f453eef204c12148"
            ],
            "version": "==0.13.1"
        },
        "jinja2": {
            "hashes": [
                "sha256:74c935a1b8bb9a3947c50a54766a969d4846290e1e788ea44c1392163723c3bd",
                "sha256:f84be1bb0040caca4cea721fcbbbbd61f9be9464ca236387158b0feea01914a4"
            ],
            "version": "==2.10"
        },
        "markupsafe": {
            "hashes": [
                "sha256:a6be69091dac236ea9c6bc7d012beab42010fa914c459791d627dad4910eb665"
            ],
            "version": "==1.0"
        },
        "packaging": {
            "hashes": [
                "sha256:0886227f54515e592aaa2e5a553332c73962917f2831f1b0f9b9f4380a4b9807",
                "sha256:f95a1e147590f204328170981833854229bb2912ac3d5f89e2a8ccd2834800c9"
            ],
            "version": "==18.0"
        },
        "parso": {
            "hashes": [
                "sha256:35704a43a3c113cce4de228ddb39aab374b8004f4f2407d070b6a2ca784ce8a2",
                "sha256:895c63e93b94ac1e1690f5fdd40b65f07c8171e3e53cbd7793b5b96c0e0a7f24"
            ],
            "version": "==0.3.1"
        },
        "pexpect": {
            "hashes": [
                "sha256:2a8e88259839571d1251d278476f3eec5db26deb73a70be5ed5dc5435e418aba",
                "sha256:3fbd41d4caf27fa4a377bfd16fef87271099463e6fa73e92a52f92dfee5d425b"
            ],
            "markers": "sys_platform != 'win32'",
            "version": "==4.6.0"
        },
        "pickleshare": {
            "hashes": [
                "sha256:87683d47965c1da65cdacaf31c8441d12b8044cdec9aca500cd78fc2c683afca",
                "sha256:9649af414d74d4df115d5d718f82acb59c9d418196b7b4290ed47a12ce62df56"
            ],
            "version": "==0.7.5"
        },
        "pkginfo": {
            "hashes": [
                "sha256:5878d542a4b3f237e359926384f1dde4e099c9f5525d236b1840cf704fa8d474",
                "sha256:a39076cb3eb34c333a0dd390b568e9e1e881c7bf2cc0aee12120636816f55aee"
            ],
            "version": "==1.4.2"
        },
        "pluggy": {
            "hashes": [
                "sha256:447ba94990e8014ee25ec853339faf7b0fc8050cdc3289d4d71f7f410fb90095",
                "sha256:bde19360a8ec4dfd8a20dcb811780a30998101f078fc7ded6162f0076f50508f"
            ],
            "version": "==0.8.0"
        },
        "prompt-toolkit": {
            "hashes": [
                "sha256:c1d6aff5252ab2ef391c2fe498ed8c088066f66bc64a8d5c095bbf795d9fec34",
                "sha256:d4c47f79b635a0e70b84fdb97ebd9a274203706b1ee5ed44c10da62755cf3ec9",
                "sha256:fd17048d8335c1e6d5ee403c3569953ba3eb8555d710bfc548faf0712666ea39"
            ],
            "version": "==2.0.7"
        },
        "ptyprocess": {
            "hashes": [
                "sha256:923f299cc5ad920c68f2bc0bc98b75b9f838b93b599941a6b63ddbc2476394c0",
                "sha256:d7cc528d76e76342423ca640335bd3633420dc1366f258cb31d05e865ef5ca1f"
            ],
            "version": "==0.6.0"
        },
        "py": {
            "hashes": [
                "sha256:bf92637198836372b520efcba9e020c330123be8ce527e535d185ed4b6f45694",
                "sha256:e76826342cefe3c3d5f7e8ee4316b80d1dd8a300781612ddbc765c17ba25a6c6"
            ],
            "version": "==1.7.0"
        },
        "pygments": {
            "hashes": [
                "sha256:78f3f434bcc5d6ee09020f92ba487f95ba50f1e3ef83ae96b9d5ffa1bab25c5d",
                "sha256:dbae1046def0efb574852fab9e90209b23f556367b5a320c0bcb871c77c3e8cc"
            ],
            "version": "==2.2.0"
        },
        "pyparsing": {
            "hashes": [
                "sha256:40856e74d4987de5d01761a22d1621ae1c7f8774585acae358aa5c5936c6c90b",
                "sha256:f353aab21fd474459d97b709e527b5571314ee5f067441dc9f88e33eecd96592"
            ],
            "version": "==2.3.0"
        },
        "pytz": {
            "hashes": [
                "sha256:31cb35c89bd7d333cd32c5f278fca91b523b0834369e757f4c5641ea252236ca",
                "sha256:8e0f8568c118d3077b46be7d654cc8167fa916092e28320cde048e54bfc9f1e6"
            ],
            "version": "==2018.7"
        },
        "readme-renderer": {
            "hashes": [
                "sha256:bb16f55b259f27f75f640acf5e00cf897845a8b3e4731b5c1a436e4b8529202f",
                "sha256:c8532b79afc0375a85f10433eca157d6b50f7d6990f337fa498c96cd4bfc203d"
            ],
            "version": "==24.0"
        },
        "rednose": {
            "hashes": [
                "sha256:6da77917788be277b70259edc0bb92fc6f28fe268b765b4ea88206cc3543a3e1"
            ],
            "index": "pypi",
            "version": "==1.3.0"
        },
        "requests": {
            "hashes": [
                "sha256:99dcfdaaeb17caf6e526f32b6a7b780461512ab3f1d992187801694cba42770c",
                "sha256:a84b8c9ab6239b578f22d1c21d51b696dcfe004032bb80ea832398d6909d7279"
            ],
            "version": "==2.20.0"
        },
        "requests-toolbelt": {
            "hashes": [
                "sha256:42c9c170abc2cacb78b8ab23ac957945c7716249206f90874651971a4acff237",
                "sha256:f6a531936c6fa4c6cfce1b9c10d5c4f498d16528d2a54a22ca00011205a187b5"
            ],
            "version": "==0.8.0"
        },
        "six": {
            "hashes": [
                "sha256:70e8a77beed4562e7f14fe23a786b54f6296e34344c23bc42f07b15018ff98e9",
                "sha256:832dc0e10feb1aa2c68dcc57dbb658f1c7e65b9b61af69048abc87a2db00a0eb"
            ],
            "index": "pypi",
            "version": "==1.11.0"
        },
        "snowballstemmer": {
            "hashes": [
                "sha256:919f26a68b2c17a7634da993d91339e288964f93c274f1343e3bbbe2096e1128",
                "sha256:9f3bcd3c401c3e862ec0ebe6d2c069ebc012ce142cce209c098ccb5b09136e89"
            ],
            "version": "==1.2.1"
        },
        "sphinx": {
            "hashes": [
                "sha256:652eb8c566f18823a022bb4b6dbc868d366df332a11a0226b5bc3a798a479f17",
                "sha256:d222626d8356de702431e813a05c68a35967e3d66c6cd1c2c89539bb179a7464"
            ],
            "index": "pypi",
            "version": "==1.8.1"
        },
        "sphinx-rtd-theme": {
            "hashes": [
                "sha256:02f02a676d6baabb758a20c7a479d58648e0f64f13e07d1b388e9bb2afe86a09",
                "sha256:d0f6bc70f98961145c5b0e26a992829363a197321ba571b31b24ea91879e0c96"
            ],
            "index": "pypi",
            "version": "==0.4.2"
        },
        "sphinxcontrib-websupport": {
            "hashes": [
                "sha256:68ca7ff70785cbe1e7bccc71a48b5b6d965d79ca50629606c7861a21b206d9dd",
                "sha256:9de47f375baf1ea07cdb3436ff39d7a9c76042c10a769c52353ec46e4e8fc3b9"
            ],
            "version": "==1.1.0"
        },
        "termstyle": {
            "hashes": [
                "sha256:ef74b83698ea014112040cf32b1a093c1ab3d91c4dd18ecc03ec178fd99c9f9f"
            ],
            "version": "==0.1.11"
        },
        "toml": {
            "hashes": [
                "sha256:229f81c57791a41d65e399fc06bf0848bab550a9dfd5ed66df18ce5f05e73d5c",
                "sha256:235682dd292d5899d361a811df37e04a8828a5b1da3115886b73cf81ebc9100e"
            ],
            "version": "==0.10.0"
        },
        "tox": {
            "hashes": [
                "sha256:513e32fdf2f9e2d583c2f248f47ba9886428c949f068ac54a0469cac55df5862",
                "sha256:75fa30e8329b41b664585f5fb837e23ce1d7e6fa1f7811f2be571c990f9d911b"
            ],
            "index": "pypi",
            "version": "==3.5.3"
        },
        "tqdm": {
            "hashes": [
                "sha256:3c4d4a5a41ef162dd61f1edb86b0e1c7859054ab656b2e7c7b77e7fbf6d9f392",
                "sha256:5b4d5549984503050883bc126280b386f5f4ca87e6c023c5d015655ad75bdebb"
            ],
            "version": "==4.28.1"
        },
        "traitlets": {
            "hashes": [
                "sha256:9c4bd2d267b7153df9152698efb1050a5d84982d3384a37b2c1f7723ba3e7835",
                "sha256:c6cb5e6f57c5a9bdaa40fa71ce7b4af30298fbab9ece9815b5d995ab6217c7d9"
            ],
            "version": "==4.3.2"
        },
        "twine": {
            "hashes": [
                "sha256:7d89bc6acafb31d124e6e5b295ef26ac77030bf098960c2a4c4e058335827c5c",
                "sha256:fad6f1251195f7ddd1460cb76d6ea106c93adb4e56c41e0da79658e56e547d2c"
            ],
            "index": "pypi",
            "version": "==1.12.1"
        },
        "urllib3": {
            "hashes": [
                "sha256:61bf29cada3fc2fbefad4fdf059ea4bd1b4a86d2b6d15e1c7c0b582b9752fe39",
                "sha256:de9529817c93f27c8ccbfead6985011db27bd0ddfcdb2d86f3f663385c6a9c22"
            ],
            "version": "==1.24.1"
        },
        "virtualenv": {
            "hashes": [
                "sha256:686176c23a538ecc56d27ed9d5217abd34644823d6391cbeb232f42bf722baad",
                "sha256:f899fafcd92e1150f40c8215328be38ff24b519cd95357fa6e78e006c7638208"
            ],
            "version": "==16.1.0"
        },
        "wcwidth": {
            "hashes": [
                "sha256:3df37372226d6e63e1b1e1eda15c594bca98a22d33a23832a90998faa96bc65e",
                "sha256:f4ebe71925af7b40a864553f761ed559b43544f8f71746c2d756c7fe788ade7c"
            ],
            "version": "==0.1.7"
        },
        "webencodings": {
            "hashes": [
                "sha256:a0af1213f3c2226497a97e2b3aa01a7e4bee4f403f95be16fc9acd2947514a78",
                "sha256:b36a1c245f2d304965eb4e0a82848379241dc04b865afcc4aab16748587e1923"
            ],
            "version": "==0.5.1"
        }
    }
}
